// !$*UTF8*$!
{
	archiveVersion = 1;
	classes = {
	};
	objectVersion = 50;
	objects = {

/* Begin PBXBuildFile section */
		C697E9D223F2995E00C5130F /* TeamDetailsViewController.swift in Sources */ = {isa = PBXBuildFile; fileRef = C697E9D123F2995E00C5130F /* TeamDetailsViewController.swift */; };
		C697E9D523F299E700C5130F /* PlayerTableViewCell.swift in Sources */ = {isa = PBXBuildFile; fileRef = C697E9D323F299E700C5130F /* PlayerTableViewCell.swift */; };
		C697E9D623F299E700C5130F /* PlayerTableViewCell.xib in Resources */ = {isa = PBXBuildFile; fileRef = C697E9D423F299E700C5130F /* PlayerTableViewCell.xib */; };
		C697E9DA23F29F3D00C5130F /* TeamDetailsPresenter.swift in Sources */ = {isa = PBXBuildFile; fileRef = C697E9D923F29F3D00C5130F /* TeamDetailsPresenter.swift */; };
		C697E9DD23F29F6A00C5130F /* TeamDetailsProtocol.swift in Sources */ = {isa = PBXBuildFile; fileRef = C697E9DC23F29F6A00C5130F /* TeamDetailsProtocol.swift */; };
		C697E9DF23F2A27500C5130F /* TeamDetailsWireframe.swift in Sources */ = {isa = PBXBuildFile; fileRef = C697E9DE23F2A27500C5130F /* TeamDetailsWireframe.swift */; };
		C6C1827323E94178004C75B7 /* AppDelegate.swift in Sources */ = {isa = PBXBuildFile; fileRef = C6C1827223E94178004C75B7 /* AppDelegate.swift */; };
		C6C1827523E94178004C75B7 /* SceneDelegate.swift in Sources */ = {isa = PBXBuildFile; fileRef = C6C1827423E94178004C75B7 /* SceneDelegate.swift */; };
		C6C1827A23E94178004C75B7 /* Main.storyboard in Resources */ = {isa = PBXBuildFile; fileRef = C6C1827823E94178004C75B7 /* Main.storyboard */; };
		C6C1827C23E9417C004C75B7 /* Assets.xcassets in Resources */ = {isa = PBXBuildFile; fileRef = C6C1827B23E9417C004C75B7 /* Assets.xcassets */; };
		C6C1827F23E9417C004C75B7 /* LaunchScreen.storyboard in Resources */ = {isa = PBXBuildFile; fileRef = C6C1827D23E9417C004C75B7 /* LaunchScreen.storyboard */; };
		C6C1828A23E9417C004C75B7 /* CricketPlayersViperDemoTests.swift in Sources */ = {isa = PBXBuildFile; fileRef = C6C1828923E9417C004C75B7 /* CricketPlayersViperDemoTests.swift */; };
		C6C1829523E9417C004C75B7 /* CricketPlayersViperDemoUITests.swift in Sources */ = {isa = PBXBuildFile; fileRef = C6C1829423E9417C004C75B7 /* CricketPlayersViperDemoUITests.swift */; };
		C6CFADE323EA70EA00448C39 /* TeamsListModel.swift in Sources */ = {isa = PBXBuildFile; fileRef = C6CFADE223EA70EA00448C39 /* TeamsListModel.swift */; };
		C6CFADE523EA72C400448C39 /* TeamsListViewController.swift in Sources */ = {isa = PBXBuildFile; fileRef = C6CFADE423EA72C400448C39 /* TeamsListViewController.swift */; };
		C6CFADE823EA796100448C39 /* TeamsTableViewCell.swift in Sources */ = {isa = PBXBuildFile; fileRef = C6CFADE623EA796100448C39 /* TeamsTableViewCell.swift */; };
		C6CFADE923EA796100448C39 /* TeamsTableViewCell.xib in Resources */ = {isa = PBXBuildFile; fileRef = C6CFADE723EA796100448C39 /* TeamsTableViewCell.xib */; };
		C6CFADEC23EA7DA500448C39 /* TableViewCell.swift in Sources */ = {isa = PBXBuildFile; fileRef = C6CFADEB23EA7DA500448C39 /* TableViewCell.swift */; };
		C6CFADF323EA81D300448C39 /* TeamsListProtocols.swift in Sources */ = {isa = PBXBuildFile; fileRef = C6CFADF223EA81D300448C39 /* TeamsListProtocols.swift */; };
		C6CFADF523EA825400448C39 /* TeamsListInteractor.swift in Sources */ = {isa = PBXBuildFile; fileRef = C6CFADF423EA825400448C39 /* TeamsListInteractor.swift */; };
		C6CFADF823EA838F00448C39 /* Services.swift in Sources */ = {isa = PBXBuildFile; fileRef = C6CFADF723EA838F00448C39 /* Services.swift */; };
		C6CFADFA23EA95EB00448C39 /* TeamsListPresenter.swift in Sources */ = {isa = PBXBuildFile; fileRef = C6CFADF923EA95EB00448C39 /* TeamsListPresenter.swift */; };
		C6CFADFC23EAB12400448C39 /* TeamsListWireframe.swift in Sources */ = {isa = PBXBuildFile; fileRef = C6CFADFB23EAB12400448C39 /* TeamsListWireframe.swift */; };
/* End PBXBuildFile section */

/* Begin PBXContainerItemProxy section */
		C6C1828623E9417C004C75B7 /* PBXContainerItemProxy */ = {
			isa = PBXContainerItemProxy;
			containerPortal = C6C1826723E94178004C75B7 /* Project object */;
			proxyType = 1;
			remoteGlobalIDString = C6C1826E23E94178004C75B7;
			remoteInfo = CricketPlayersViperDemo;
		};
		C6C1829123E9417C004C75B7 /* PBXContainerItemProxy */ = {
			isa = PBXContainerItemProxy;
			containerPortal = C6C1826723E94178004C75B7 /* Project object */;
			proxyType = 1;
			remoteGlobalIDString = C6C1826E23E94178004C75B7;
			remoteInfo = CricketPlayersViperDemo;
		};
/* End PBXContainerItemProxy section */

/* Begin PBXFileReference section */
		C697E9D123F2995E00C5130F /* TeamDetailsViewController.swift */ = {isa = PBXFileReference; lastKnownFileType = sourcecode.swift; path = TeamDetailsViewController.swift; sourceTree = "<group>"; };
		C697E9D323F299E700C5130F /* PlayerTableViewCell.swift */ = {isa = PBXFileReference; lastKnownFileType = sourcecode.swift; path = PlayerTableViewCell.swift; sourceTree = "<group>"; };
		C697E9D423F299E700C5130F /* PlayerTableViewCell.xib */ = {isa = PBXFileReference; lastKnownFileType = file.xib; path = PlayerTableViewCell.xib; sourceTree = "<group>"; };
		C697E9D923F29F3D00C5130F /* TeamDetailsPresenter.swift */ = {isa = PBXFileReference; lastKnownFileType = sourcecode.swift; path = TeamDetailsPresenter.swift; sourceTree = "<group>"; };
		C697E9DC23F29F6A00C5130F /* TeamDetailsProtocol.swift */ = {isa = PBXFileReference; lastKnownFileType = sourcecode.swift; path = TeamDetailsProtocol.swift; sourceTree = "<group>"; };
		C697E9DE23F2A27500C5130F /* TeamDetailsWireframe.swift */ = {isa = PBXFileReference; lastKnownFileType = sourcecode.swift; path = TeamDetailsWireframe.swift; sourceTree = "<group>"; };
		C6C1826F23E94178004C75B7 /* CricketPlayersViperDemo.app */ = {isa = PBXFileReference; explicitFileType = wrapper.application; includeInIndex = 0; path = CricketPlayersViperDemo.app; sourceTree = BUILT_PRODUCTS_DIR; };
		C6C1827223E94178004C75B7 /* AppDelegate.swift */ = {isa = PBXFileReference; lastKnownFileType = sourcecode.swift; path = AppDelegate.swift; sourceTree = "<group>"; };
		C6C1827423E94178004C75B7 /* SceneDelegate.swift */ = {isa = PBXFileReference; lastKnownFileType = sourcecode.swift; path = SceneDelegate.swift; sourceTree = "<group>"; };
		C6C1827923E94178004C75B7 /* Base */ = {isa = PBXFileReference; lastKnownFileType = file.storyboard; name = Base; path = Base.lproj/Main.storyboard; sourceTree = "<group>"; };
		C6C1827B23E9417C004C75B7 /* Assets.xcassets */ = {isa = PBXFileReference; lastKnownFileType = folder.assetcatalog; path = Assets.xcassets; sourceTree = "<group>"; };
		C6C1827E23E9417C004C75B7 /* Base */ = {isa = PBXFileReference; lastKnownFileType = file.storyboard; name = Base; path = Base.lproj/LaunchScreen.storyboard; sourceTree = "<group>"; };
		C6C1828023E9417C004C75B7 /* Info.plist */ = {isa = PBXFileReference; lastKnownFileType = text.plist.xml; path = Info.plist; sourceTree = "<group>"; };
		C6C1828523E9417C004C75B7 /* CricketPlayersViperDemoTests.xctest */ = {isa = PBXFileReference; explicitFileType = wrapper.cfbundle; includeInIndex = 0; path = CricketPlayersViperDemoTests.xctest; sourceTree = BUILT_PRODUCTS_DIR; };
		C6C1828923E9417C004C75B7 /* CricketPlayersViperDemoTests.swift */ = {isa = PBXFileReference; lastKnownFileType = sourcecode.swift; path = CricketPlayersViperDemoTests.swift; sourceTree = "<group>"; };
		C6C1828B23E9417C004C75B7 /* Info.plist */ = {isa = PBXFileReference; lastKnownFileType = text.plist.xml; path = Info.plist; sourceTree = "<group>"; };
		C6C1829023E9417C004C75B7 /* CricketPlayersViperDemoUITests.xctest */ = {isa = PBXFileReference; explicitFileType = wrapper.cfbundle; includeInIndex = 0; path = CricketPlayersViperDemoUITests.xctest; sourceTree = BUILT_PRODUCTS_DIR; };
		C6C1829423E9417C004C75B7 /* CricketPlayersViperDemoUITests.swift */ = {isa = PBXFileReference; lastKnownFileType = sourcecode.swift; path = CricketPlayersViperDemoUITests.swift; sourceTree = "<group>"; };
		C6C1829623E9417C004C75B7 /* Info.plist */ = {isa = PBXFileReference; lastKnownFileType = text.plist.xml; path = Info.plist; sourceTree = "<group>"; };
		C6CFADE223EA70EA00448C39 /* TeamsListModel.swift */ = {isa = PBXFileReference; lastKnownFileType = sourcecode.swift; path = TeamsListModel.swift; sourceTree = "<group>"; };
		C6CFADE423EA72C400448C39 /* TeamsListViewController.swift */ = {isa = PBXFileReference; lastKnownFileType = sourcecode.swift; path = TeamsListViewController.swift; sourceTree = "<group>"; };
		C6CFADE623EA796100448C39 /* TeamsTableViewCell.swift */ = {isa = PBXFileReference; lastKnownFileType = sourcecode.swift; path = TeamsTableViewCell.swift; sourceTree = "<group>"; };
		C6CFADE723EA796100448C39 /* TeamsTableViewCell.xib */ = {isa = PBXFileReference; lastKnownFileType = file.xib; path = TeamsTableViewCell.xib; sourceTree = "<group>"; };
		C6CFADEB23EA7DA500448C39 /* TableViewCell.swift */ = {isa = PBXFileReference; lastKnownFileType = sourcecode.swift; path = TableViewCell.swift; sourceTree = "<group>"; };
		C6CFADEE23EA7E8800448C39 /* Roboto-Bold.ttf */ = {isa = PBXFileReference; lastKnownFileType = file; path = "Roboto-Bold.ttf"; sourceTree = "<group>"; };
		C6CFADEF23EA7E9000448C39 /* Roboto-Medium.ttf */ = {isa = PBXFileReference; lastKnownFileType = file; path = "Roboto-Medium.ttf"; sourceTree = "<group>"; };
		C6CFADF023EA7E9B00448C39 /* Roboto-Regular.ttf */ = {isa = PBXFileReference; lastKnownFileType = file; path = "Roboto-Regular.ttf"; sourceTree = "<group>"; };
		C6CFADF123EA7EA400448C39 /* Roboto-Light.ttf */ = {isa = PBXFileReference; lastKnownFileType = file; path = "Roboto-Light.ttf"; sourceTree = "<group>"; };
		C6CFADF223EA81D300448C39 /* TeamsListProtocols.swift */ = {isa = PBXFileReference; lastKnownFileType = sourcecode.swift; path = TeamsListProtocols.swift; sourceTree = "<group>"; };
		C6CFADF423EA825400448C39 /* TeamsListInteractor.swift */ = {isa = PBXFileReference; lastKnownFileType = sourcecode.swift; path = TeamsListInteractor.swift; sourceTree = "<group>"; };
		C6CFADF723EA838F00448C39 /* Services.swift */ = {isa = PBXFileReference; lastKnownFileType = sourcecode.swift; path = Services.swift; sourceTree = "<group>"; };
		C6CFADF923EA95EB00448C39 /* TeamsListPresenter.swift */ = {isa = PBXFileReference; lastKnownFileType = sourcecode.swift; path = TeamsListPresenter.swift; sourceTree = "<group>"; };
		C6CFADFB23EAB12400448C39 /* TeamsListWireframe.swift */ = {isa = PBXFileReference; lastKnownFileType = sourcecode.swift; path = TeamsListWireframe.swift; sourceTree = "<group>"; };
/* End PBXFileReference section */

/* Begin PBXFrameworksBuildPhase section */
		C6C1826C23E94178004C75B7 /* Frameworks */ = {
			isa = PBXFrameworksBuildPhase;
			buildActionMask = 2147483647;
			files = (
			);
			runOnlyForDeploymentPostprocessing = 0;
		};
		C6C1828223E9417C004C75B7 /* Frameworks */ = {
			isa = PBXFrameworksBuildPhase;
			buildActionMask = 2147483647;
			files = (
			);
			runOnlyForDeploymentPostprocessing = 0;
		};
		C6C1828D23E9417C004C75B7 /* Frameworks */ = {
			isa = PBXFrameworksBuildPhase;
			buildActionMask = 2147483647;
			files = (
			);
			runOnlyForDeploymentPostprocessing = 0;
		};
/* End PBXFrameworksBuildPhase section */

/* Begin PBXGroup section */
		C697E9CF23F2990600C5130F /* TeamDetails */ = {
			isa = PBXGroup;
			children = (
				C697E9DB23F29F5500C5130F /* Protocols */,
				C697E9D823F29F0E00C5130F /* Presenter */,
				C697E9D723F29B5600C5130F /* Wireframe */,
				C697E9D023F2992200C5130F /* View */,
			);
			path = TeamDetails;
			sourceTree = "<group>";
		};
		C697E9D023F2992200C5130F /* View */ = {
			isa = PBXGroup;
			children = (
				C697E9D123F2995E00C5130F /* TeamDetailsViewController.swift */,
				C697E9D323F299E700C5130F /* PlayerTableViewCell.swift */,
				C697E9D423F299E700C5130F /* PlayerTableViewCell.xib */,
			);
			path = View;
			sourceTree = "<group>";
		};
		C697E9D723F29B5600C5130F /* Wireframe */ = {
			isa = PBXGroup;
			children = (
				C697E9DE23F2A27500C5130F /* TeamDetailsWireframe.swift */,
			);
			path = Wireframe;
			sourceTree = "<group>";
		};
		C697E9D823F29F0E00C5130F /* Presenter */ = {
			isa = PBXGroup;
			children = (
				C697E9D923F29F3D00C5130F /* TeamDetailsPresenter.swift */,
			);
			path = Presenter;
			sourceTree = "<group>";
		};
		C697E9DB23F29F5500C5130F /* Protocols */ = {
			isa = PBXGroup;
			children = (
				C697E9DC23F29F6A00C5130F /* TeamDetailsProtocol.swift */,
			);
			path = Protocols;
			sourceTree = "<group>";
		};
		C697E9E023F2A98B00C5130F /* Modules */ = {
			isa = PBXGroup;
			children = (
				C6C182A223E9419E004C75B7 /* CricketTeamsList */,
				C697E9CF23F2990600C5130F /* TeamDetails */,
			);
			path = Modules;
			sourceTree = "<group>";
		};
		C6C1826623E94178004C75B7 = {
			isa = PBXGroup;
			children = (
				C6C1827123E94178004C75B7 /* CricketPlayersViperDemo */,
				C6C1828823E9417C004C75B7 /* CricketPlayersViperDemoTests */,
				C6C1829323E9417C004C75B7 /* CricketPlayersViperDemoUITests */,
				C6C1827023E94178004C75B7 /* Products */,
			);
			sourceTree = "<group>";
		};
		C6C1827023E94178004C75B7 /* Products */ = {
			isa = PBXGroup;
			children = (
				C6C1826F23E94178004C75B7 /* CricketPlayersViperDemo.app */,
				C6C1828523E9417C004C75B7 /* CricketPlayersViperDemoTests.xctest */,
				C6C1829023E9417C004C75B7 /* CricketPlayersViperDemoUITests.xctest */,
			);
			name = Products;
			sourceTree = "<group>";
		};
		C6C1827123E94178004C75B7 /* CricketPlayersViperDemo */ = {
			isa = PBXGroup;
			children = (
				C697E9E023F2A98B00C5130F /* Modules */,
				C6CFADF623EA836F00448C39 /* Serevices */,
				C6CFADED23EA7E0B00448C39 /* Font */,
				C6CFADEA23EA7D9300448C39 /* HelperClass */,
				C6C1827223E94178004C75B7 /* AppDelegate.swift */,
				C6C1827423E94178004C75B7 /* SceneDelegate.swift */,
				C6C1827823E94178004C75B7 /* Main.storyboard */,
				C6C1827B23E9417C004C75B7 /* Assets.xcassets */,
				C6C1827D23E9417C004C75B7 /* LaunchScreen.storyboard */,
				C6C1828023E9417C004C75B7 /* Info.plist */,
			);
			path = CricketPlayersViperDemo;
			sourceTree = "<group>";
		};
		C6C1828823E9417C004C75B7 /* CricketPlayersViperDemoTests */ = {
			isa = PBXGroup;
			children = (
				C6C1828923E9417C004C75B7 /* CricketPlayersViperDemoTests.swift */,
				C6C1828B23E9417C004C75B7 /* Info.plist */,
			);
			path = CricketPlayersViperDemoTests;
			sourceTree = "<group>";
		};
		C6C1829323E9417C004C75B7 /* CricketPlayersViperDemoUITests */ = {
			isa = PBXGroup;
			children = (
				C6C1829423E9417C004C75B7 /* CricketPlayersViperDemoUITests.swift */,
				C6C1829623E9417C004C75B7 /* Info.plist */,
			);
			path = CricketPlayersViperDemoUITests;
			sourceTree = "<group>";
		};
		C6C182A223E9419E004C75B7 /* CricketTeamsList */ = {
			isa = PBXGroup;
			children = (
				C6C182A323E941EE004C75B7 /* View */,
				C6C182A523E94200004C75B7 /* Interactor */,
				C6C182A423E941F3004C75B7 /* Presenter */,
				C6C182A623E94215004C75B7 /* Entity */,
				C6C182A723E94225004C75B7 /* WireFrame */,
				C6C182A823E94236004C75B7 /* Protocols */,
			);
			path = CricketTeamsList;
			sourceTree = "<group>";
		};
		C6C182A323E941EE004C75B7 /* View */ = {
			isa = PBXGroup;
			children = (
				C6CFADE423EA72C400448C39 /* TeamsListViewController.swift */,
				C6CFADE623EA796100448C39 /* TeamsTableViewCell.swift */,
				C6CFADE723EA796100448C39 /* TeamsTableViewCell.xib */,
			);
			path = View;
			sourceTree = "<group>";
		};
		C6C182A423E941F3004C75B7 /* Presenter */ = {
			isa = PBXGroup;
			children = (
				C6CFADF923EA95EB00448C39 /* TeamsListPresenter.swift */,
			);
			path = Presenter;
			sourceTree = "<group>";
		};
		C6C182A523E94200004C75B7 /* Interactor */ = {
			isa = PBXGroup;
			children = (
				C6CFADF423EA825400448C39 /* TeamsListInteractor.swift */,
			);
			path = Interactor;
			sourceTree = "<group>";
		};
		C6C182A623E94215004C75B7 /* Entity */ = {
			isa = PBXGroup;
			children = (
				C6CFADE223EA70EA00448C39 /* TeamsListModel.swift */,
			);
			path = Entity;
			sourceTree = "<group>";
		};
		C6C182A723E94225004C75B7 /* WireFrame */ = {
			isa = PBXGroup;
			children = (
				C6CFADFB23EAB12400448C39 /* TeamsListWireframe.swift */,
			);
			path = WireFrame;
			sourceTree = "<group>";
		};
		C6C182A823E94236004C75B7 /* Protocols */ = {
			isa = PBXGroup;
			children = (
				C6CFADF223EA81D300448C39 /* TeamsListProtocols.swift */,
			);
			path = Protocols;
			sourceTree = "<group>";
		};
		C6CFADEA23EA7D9300448C39 /* HelperClass */ = {
			isa = PBXGroup;
			children = (
				C6CFADEB23EA7DA500448C39 /* TableViewCell.swift */,
			);
			path = HelperClass;
			sourceTree = "<group>";
		};
		C6CFADED23EA7E0B00448C39 /* Font */ = {
			isa = PBXGroup;
			children = (
				C6CFADF123EA7EA400448C39 /* Roboto-Light.ttf */,
				C6CFADF023EA7E9B00448C39 /* Roboto-Regular.ttf */,
				C6CFADEF23EA7E9000448C39 /* Roboto-Medium.ttf */,
				C6CFADEE23EA7E8800448C39 /* Roboto-Bold.ttf */,
			);
			path = Font;
			sourceTree = "<group>";
		};
		C6CFADF623EA836F00448C39 /* Serevices */ = {
			isa = PBXGroup;
			children = (
				C6CFADF723EA838F00448C39 /* Services.swift */,
			);
			path = Serevices;
			sourceTree = "<group>";
		};
/* End PBXGroup section */

/* Begin PBXNativeTarget section */
		C6C1826E23E94178004C75B7 /* CricketPlayersViperDemo */ = {
			isa = PBXNativeTarget;
			buildConfigurationList = C6C1829923E9417C004C75B7 /* Build configuration list for PBXNativeTarget "CricketPlayersViperDemo" */;
			buildPhases = (
				C6C1826B23E94178004C75B7 /* Sources */,
				C6C1826C23E94178004C75B7 /* Frameworks */,
				C6C1826D23E94178004C75B7 /* Resources */,
			);
			buildRules = (
			);
			dependencies = (
			);
			name = CricketPlayersViperDemo;
			productName = CricketPlayersViperDemo;
			productReference = C6C1826F23E94178004C75B7 /* CricketPlayersViperDemo.app */;
			productType = "com.apple.product-type.application";
		};
		C6C1828423E9417C004C75B7 /* CricketPlayersViperDemoTests */ = {
			isa = PBXNativeTarget;
			buildConfigurationList = C6C1829C23E9417C004C75B7 /* Build configuration list for PBXNativeTarget "CricketPlayersViperDemoTests" */;
			buildPhases = (
				C6C1828123E9417C004C75B7 /* Sources */,
				C6C1828223E9417C004C75B7 /* Frameworks */,
				C6C1828323E9417C004C75B7 /* Resources */,
			);
			buildRules = (
			);
			dependencies = (
				C6C1828723E9417C004C75B7 /* PBXTargetDependency */,
			);
			name = CricketPlayersViperDemoTests;
			productName = CricketPlayersViperDemoTests;
			productReference = C6C1828523E9417C004C75B7 /* CricketPlayersViperDemoTests.xctest */;
			productType = "com.apple.product-type.bundle.unit-test";
		};
		C6C1828F23E9417C004C75B7 /* CricketPlayersViperDemoUITests */ = {
			isa = PBXNativeTarget;
			buildConfigurationList = C6C1829F23E9417C004C75B7 /* Build configuration list for PBXNativeTarget "CricketPlayersViperDemoUITests" */;
			buildPhases = (
				C6C1828C23E9417C004C75B7 /* Sources */,
				C6C1828D23E9417C004C75B7 /* Frameworks */,
				C6C1828E23E9417C004C75B7 /* Resources */,
			);
			buildRules = (
			);
			dependencies = (
				C6C1829223E9417C004C75B7 /* PBXTargetDependency */,
			);
			name = CricketPlayersViperDemoUITests;
			productName = CricketPlayersViperDemoUITests;
			productReference = C6C1829023E9417C004C75B7 /* CricketPlayersViperDemoUITests.xctest */;
			productType = "com.apple.product-type.bundle.ui-testing";
		};
/* End PBXNativeTarget section */

/* Begin PBXProject section */
		C6C1826723E94178004C75B7 /* Project object */ = {
			isa = PBXProject;
			attributes = {
				LastSwiftUpdateCheck = 1130;
				LastUpgradeCheck = 1130;
				ORGANIZATIONNAME = CrazyTricks;
				TargetAttributes = {
					C6C1826E23E94178004C75B7 = {
						CreatedOnToolsVersion = 11.3.1;
					};
					C6C1828423E9417C004C75B7 = {
						CreatedOnToolsVersion = 11.3.1;
						TestTargetID = C6C1826E23E94178004C75B7;
					};
					C6C1828F23E9417C004C75B7 = {
						CreatedOnToolsVersion = 11.3.1;
						TestTargetID = C6C1826E23E94178004C75B7;
					};
				};
			};
			buildConfigurationList = C6C1826A23E94178004C75B7 /* Build configuration list for PBXProject "CricketPlayersViperDemo" */;
			compatibilityVersion = "Xcode 9.3";
			developmentRegion = en;
			hasScannedForEncodings = 0;
			knownRegions = (
				en,
				Base,
			);
			mainGroup = C6C1826623E94178004C75B7;
			productRefGroup = C6C1827023E94178004C75B7 /* Products */;
			projectDirPath = "";
			projectRoot = "";
			targets = (
				C6C1826E23E94178004C75B7 /* CricketPlayersViperDemo */,
				C6C1828423E9417C004C75B7 /* CricketPlayersViperDemoTests */,
				C6C1828F23E9417C004C75B7 /* CricketPlayersViperDemoUITests */,
			);
		};
/* End PBXProject section */

/* Begin PBXResourcesBuildPhase section */
		C6C1826D23E94178004C75B7 /* Resources */ = {
			isa = PBXResourcesBuildPhase;
			buildActionMask = 2147483647;
			files = (
				C6CFADE923EA796100448C39 /* TeamsTableViewCell.xib in Resources */,
				C6C1827F23E9417C004C75B7 /* LaunchScreen.storyboard in Resources */,
				C697E9D623F299E700C5130F /* PlayerTableViewCell.xib in Resources */,
				C6C1827C23E9417C004C75B7 /* Assets.xcassets in Resources */,
				C6C1827A23E94178004C75B7 /* Main.storyboard in Resources */,
			);
			runOnlyForDeploymentPostprocessing = 0;
		};
		C6C1828323E9417C004C75B7 /* Resources */ = {
			isa = PBXResourcesBuildPhase;
			buildActionMask = 2147483647;
			files = (
			);
			runOnlyForDeploymentPostprocessing = 0;
		};
		C6C1828E23E9417C004C75B7 /* Resources */ = {
			isa = PBXResourcesBuildPhase;
			buildActionMask = 2147483647;
			files = (
			);
			runOnlyForDeploymentPostprocessing = 0;
		};
/* End PBXResourcesBuildPhase section */

/* Begin PBXSourcesBuildPhase section */
		C6C1826B23E94178004C75B7 /* Sources */ = {
			isa = PBXSourcesBuildPhase;
			buildActionMask = 2147483647;
			files = (
				C6CFADF323EA81D300448C39 /* TeamsListProtocols.swift in Sources */,
				C6CFADFA23EA95EB00448C39 /* TeamsListPresenter.swift in Sources */,
				C697E9DA23F29F3D00C5130F /* TeamDetailsPresenter.swift in Sources */,
				C6C1827323E94178004C75B7 /* AppDelegate.swift in Sources */,
				C697E9DF23F2A27500C5130F /* TeamDetailsWireframe.swift in Sources */,
				C6CFADE323EA70EA00448C39 /* TeamsListModel.swift in Sources */,
				C6CFADE523EA72C400448C39 /* TeamsListViewController.swift in Sources */,
				C6CFADFC23EAB12400448C39 /* TeamsListWireframe.swift in Sources */,
				C697E9D523F299E700C5130F /* PlayerTableViewCell.swift in Sources */,
				C6CFADEC23EA7DA500448C39 /* TableViewCell.swift in Sources */,
				C6CFADF523EA825400448C39 /* TeamsListInteractor.swift in Sources */,
				C6CFADE823EA796100448C39 /* TeamsTableViewCell.swift in Sources */,
				C697E9DD23F29F6A00C5130F /* TeamDetailsProtocol.swift in Sources */,
				C6CFADF823EA838F00448C39 /* Services.swift in Sources */,
				C697E9D223F2995E00C5130F /* TeamDetailsViewController.swift in Sources */,
				C6C1827523E94178004C75B7 /* SceneDelegate.swift in Sources */,
			);
			runOnlyForDeploymentPostprocessing = 0;
		};
		C6C1828123E9417C004C75B7 /* Sources */ = {
			isa = PBXSourcesBuildPhase;
			buildActionMask = 2147483647;
			files = (
				C6C1828A23E9417C004C75B7 /* CricketPlayersViperDemoTests.swift in Sources */,
			);
			runOnlyForDeploymentPostprocessing = 0;
		};
		C6C1828C23E9417C004C75B7 /* Sources */ = {
			isa = PBXSourcesBuildPhase;
			buildActionMask = 2147483647;
			files = (
				C6C1829523E9417C004C75B7 /* CricketPlayersViperDemoUITests.swift in Sources */,
			);
			runOnlyForDeploymentPostprocessing = 0;
		};
/* End PBXSourcesBuildPhase section */

/* Begin PBXTargetDependency section */
		C6C1828723E9417C004C75B7 /* PBXTargetDependency */ = {
			isa = PBXTargetDependency;
			target = C6C1826E23E94178004C75B7 /* CricketPlayersViperDemo */;
			targetProxy = C6C1828623E9417C004C75B7 /* PBXContainerItemProxy */;
		};
		C6C1829223E9417C004C75B7 /* PBXTargetDependency */ = {
			isa = PBXTargetDependency;
			target = C6C1826E23E94178004C75B7 /* CricketPlayersViperDemo */;
			targetProxy = C6C1829123E9417C004C75B7 /* PBXContainerItemProxy */;
		};
/* End PBXTargetDependency section */

/* Begin PBXVariantGroup section */
		C6C1827823E94178004C75B7 /* Main.storyboard */ = {
			isa = PBXVariantGroup;
			children = (
				C6C1827923E94178004C75B7 /* Base */,
			);
			name = Main.storyboard;
			sourceTree = "<group>";
		};
		C6C1827D23E9417C004C75B7 /* LaunchScreen.storyboard */ = {
			isa = PBXVariantGroup;
			children = (
				C6C1827E23E9417C004C75B7 /* Base */,
			);
			name = LaunchScreen.storyboard;
			sourceTree = "<group>";
		};
/* End PBXVariantGroup section */

/* Begin XCBuildConfiguration section */
		C6C1829723E9417C004C75B7 /* Debug */ = {
			isa = XCBuildConfiguration;
			buildSettings = {
				ALWAYS_SEARCH_USER_PATHS = NO;
				CLANG_ANALYZER_NONNULL = YES;
				CLANG_ANALYZER_NUMBER_OBJECT_CONVERSION = YES_AGGRESSIVE;
				CLANG_CXX_LANGUAGE_STANDARD = "gnu++14";
				CLANG_CXX_LIBRARY = "libc++";
				CLANG_ENABLE_MODULES = YES;
				CLANG_ENABLE_OBJC_ARC = YES;
				CLANG_ENABLE_OBJC_WEAK = YES;
				CLANG_WARN_BLOCK_CAPTURE_AUTORELEASING = YES;
				CLANG_WARN_BOOL_CONVERSION = YES;
				CLANG_WARN_COMMA = YES;
				CLANG_WARN_CONSTANT_CONVERSION = YES;
				CLANG_WARN_DEPRECATED_OBJC_IMPLEMENTATIONS = YES;
				CLANG_WARN_DIRECT_OBJC_ISA_USAGE = YES_ERROR;
				CLANG_WARN_DOCUMENTATION_COMMENTS = YES;
				CLANG_WARN_EMPTY_BODY = YES;
				CLANG_WARN_ENUM_CONVERSION = YES;
				CLANG_WARN_INFINITE_RECURSION = YES;
				CLANG_WARN_INT_CONVERSION = YES;
				CLANG_WARN_NON_LITERAL_NULL_CONVERSION = YES;
				CLANG_WARN_OBJC_IMPLICIT_RETAIN_SELF = YES;
				CLANG_WARN_OBJC_LITERAL_CONVERSION = YES;
				CLANG_WARN_OBJC_ROOT_CLASS = YES_ERROR;
				CLANG_WARN_RANGE_LOOP_ANALYSIS = YES;
				CLANG_WARN_STRICT_PROTOTYPES = YES;
				CLANG_WARN_SUSPICIOUS_MOVE = YES;
				CLANG_WARN_UNGUARDED_AVAILABILITY = YES_AGGRESSIVE;
				CLANG_WARN_UNREACHABLE_CODE = YES;
				CLANG_WARN__DUPLICATE_METHOD_MATCH = YES;
				COPY_PHASE_STRIP = NO;
				DEBUG_INFORMATION_FORMAT = dwarf;
				ENABLE_STRICT_OBJC_MSGSEND = YES;
				ENABLE_TESTABILITY = YES;
				GCC_C_LANGUAGE_STANDARD = gnu11;
				GCC_DYNAMIC_NO_PIC = NO;
				GCC_NO_COMMON_BLOCKS = YES;
				GCC_OPTIMIZATION_LEVEL = 0;
				GCC_PREPROCESSOR_DEFINITIONS = (
					"DEBUG=1",
					"$(inherited)",
				);
				GCC_WARN_64_TO_32_BIT_CONVERSION = YES;
				GCC_WARN_ABOUT_RETURN_TYPE = YES_ERROR;
				GCC_WARN_UNDECLARED_SELECTOR = YES;
				GCC_WARN_UNINITIALIZED_AUTOS = YES_AGGRESSIVE;
				GCC_WARN_UNUSED_FUNCTION = YES;
				GCC_WARN_UNUSED_VARIABLE = YES;
				IPHONEOS_DEPLOYMENT_TARGET = 13.2;
				MTL_ENABLE_DEBUG_INFO = INCLUDE_SOURCE;
				MTL_FAST_MATH = YES;
				ONLY_ACTIVE_ARCH = YES;
				SDKROOT = iphoneos;
				SWIFT_ACTIVE_COMPILATION_CONDITIONS = DEBUG;
				SWIFT_OPTIMIZATION_LEVEL = "-Onone";
			};
			name = Debug;
		};
		C6C1829823E9417C004C75B7 /* Release */ = {
			isa = XCBuildConfiguration;
			buildSettings = {
				ALWAYS_SEARCH_USER_PATHS = NO;
				CLANG_ANALYZER_NONNULL = YES;
				CLANG_ANALYZER_NUMBER_OBJECT_CONVERSION = YES_AGGRESSIVE;
				CLANG_CXX_LANGUAGE_STANDARD = "gnu++14";
				CLANG_CXX_LIBRARY = "libc++";
				CLANG_ENABLE_MODULES = YES;
				CLANG_ENABLE_OBJC_ARC = YES;
				CLANG_ENABLE_OBJC_WEAK = YES;
				CLANG_WARN_BLOCK_CAPTURE_AUTORELEASING = YES;
				CLANG_WARN_BOOL_CONVERSION = YES;
				CLANG_WARN_COMMA = YES;
				CLANG_WARN_CONSTANT_CONVERSION = YES;
				CLANG_WARN_DEPRECATED_OBJC_IMPLEMENTATIONS = YES;
				CLANG_WARN_DIRECT_OBJC_ISA_USAGE = YES_ERROR;
				CLANG_WARN_DOCUMENTATION_COMMENTS = YES;
				CLANG_WARN_EMPTY_BODY = YES;
				CLANG_WARN_ENUM_CONVERSION = YES;
				CLANG_WARN_INFINITE_RECURSION = YES;
				CLANG_WARN_INT_CONVERSION = YES;
				CLANG_WARN_NON_LITERAL_NULL_CONVERSION = YES;
				CLANG_WARN_OBJC_IMPLICIT_RETAIN_SELF = YES;
				CLANG_WARN_OBJC_LITERAL_CONVERSION = YES;
				CLANG_WARN_OBJC_ROOT_CLASS = YES_ERROR;
				CLANG_WARN_RANGE_LOOP_ANALYSIS = YES;
				CLANG_WARN_STRICT_PROTOTYPES = YES;
				CLANG_WARN_SUSPICIOUS_MOVE = YES;
				CLANG_WARN_UNGUARDED_AVAILABILITY = YES_AGGRESSIVE;
				CLANG_WARN_UNREACHABLE_CODE = YES;
				CLANG_WARN__DUPLICATE_METHOD_MATCH = YES;
				COPY_PHASE_STRIP = NO;
				DEBUG_INFORMATION_FORMAT = "dwarf-with-dsym";
				ENABLE_NS_ASSERTIONS = NO;
				ENABLE_STRICT_OBJC_MSGSEND = YES;
				GCC_C_LANGUAGE_STANDARD = gnu11;
				GCC_NO_COMMON_BLOCKS = YES;
				GCC_WARN_64_TO_32_BIT_CONVERSION = YES;
				GCC_WARN_ABOUT_RETURN_TYPE = YES_ERROR;
				GCC_WARN_UNDECLARED_SELECTOR = YES;
				GCC_WARN_UNINITIALIZED_AUTOS = YES_AGGRESSIVE;
				GCC_WARN_UNUSED_FUNCTION = YES;
				GCC_WARN_UNUSED_VARIABLE = YES;
				IPHONEOS_DEPLOYMENT_TARGET = 13.2;
				MTL_ENABLE_DEBUG_INFO = NO;
				MTL_FAST_MATH = YES;
				SDKROOT = iphoneos;
				SWIFT_COMPILATION_MODE = wholemodule;
				SWIFT_OPTIMIZATION_LEVEL = "-O";
				VALIDATE_PRODUCT = YES;
			};
			name = Release;
		};
		C6C1829A23E9417C004C75B7 /* Debug */ = {
			isa = XCBuildConfiguration;
			buildSettings = {
				ASSETCATALOG_COMPILER_APPICON_NAME = AppIcon;
				CODE_SIGN_STYLE = Automatic;
				DEVELOPMENT_TEAM = 2L7MDNZGGA;
				INFOPLIST_FILE = CricketPlayersViperDemo/Info.plist;
				LD_RUNPATH_SEARCH_PATHS = (
					"$(inherited)",
					"@executable_path/Frameworks",
				);
				PRODUCT_BUNDLE_IDENTIFIER = CarazyDev.CricketPlayersViperDemo;
				PRODUCT_NAME = "$(TARGET_NAME)";
				SWIFT_VERSION = 5.0;
				TARGETED_DEVICE_FAMILY = "1,2";
			};
			name = Debug;
		};
		C6C1829B23E9417C004C75B7 /* Release */ = {
			isa = XCBuildConfiguration;
			buildSettings = {
				ASSETCATALOG_COMPILER_APPICON_NAME = AppIcon;
				CODE_SIGN_STYLE = Automatic;
				DEVELOPMENT_TEAM = 2L7MDNZGGA;
				INFOPLIST_FILE = CricketPlayersViperDemo/Info.plist;
				LD_RUNPATH_SEARCH_PATHS = (
					"$(inherited)",
					"@executable_path/Frameworks",
				);
				PRODUCT_BUNDLE_IDENTIFIER = CarazyDev.CricketPlayersViperDemo;
				PRODUCT_NAME = "$(TARGET_NAME)";
				SWIFT_VERSION = 5.0;
				TARGETED_DEVICE_FAMILY = "1,2";
			};
			name = Release;
		};
		C6C1829D23E9417C004C75B7 /* Debug */ = {
			isa = XCBuildConfiguration;
			buildSettings = {
				ALWAYS_EMBED_SWIFT_STANDARD_LIBRARIES = YES;
				BUNDLE_LOADER = "$(TEST_HOST)";
				CODE_SIGN_STYLE = Automatic;
				DEVELOPMENT_TEAM = 2L7MDNZGGA;
				INFOPLIST_FILE = CricketPlayersViperDemoTests/Info.plist;
				IPHONEOS_DEPLOYMENT_TARGET = 13.2;
				LD_RUNPATH_SEARCH_PATHS = (
					"$(inherited)",
					"@executable_path/Frameworks",
					"@loader_path/Frameworks",
				);
				PRODUCT_BUNDLE_IDENTIFIER = CarazyDev.CricketPlayersViperDemoTests;
				PRODUCT_NAME = "$(TARGET_NAME)";
				SWIFT_VERSION = 5.0;
				TARGETED_DEVICE_FAMILY = "1,2";
				TEST_HOST = "$(BUILT_PRODUCTS_DIR)/CricketPlayersViperDemo.app/CricketPlayersViperDemo";
			};
			name = Debug;
		};
		C6C1829E23E9417C004C75B7 /* Release */ = {
			isa = XCBuildConfiguration;
			buildSettings = {
				ALWAYS_EMBED_SWIFT_STANDARD_LIBRARIES = YES;
				BUNDLE_LOADER = "$(TEST_HOST)";
				CODE_SIGN_STYLE = Automatic;
				DEVELOPMENT_TEAM = 2L7MDNZGGA;
				INFOPLIST_FILE = CricketPlayersViperDemoTests/Info.plist;
				IPHONEOS_DEPLOYMENT_TARGET = 13.2;
				LD_RUNPATH_SEARCH_PATHS = (
					"$(inherited)",
					"@executable_path/Frameworks",
					"@loader_path/Frameworks",
				);
				PRODUCT_BUNDLE_IDENTIFIER = CarazyDev.CricketPlayersViperDemoTests;
				PRODUCT_NAME = "$(TARGET_NAME)";
				SWIFT_VERSION = 5.0;
				TARGETED_DEVICE_FAMILY = "1,2";
				TEST_HOST = "$(BUILT_PRODUCTS_DIR)/CricketPlayersViperDemo.app/CricketPlayersViperDemo";
			};
			name = Release;
		};
		C6C182A023E9417C004C75B7 /* Debug */ = {
			isa = XCBuildConfiguration;
			buildSettings = {
				ALWAYS_EMBED_SWIFT_STANDARD_LIBRARIES = YES;
				CODE_SIGN_STYLE = Automatic;
				DEVELOPMENT_TEAM = 2L7MDNZGGA;
				INFOPLIST_FILE = CricketPlayersViperDemoUITests/Info.plist;
				LD_RUNPATH_SEARCH_PATHS = (
					"$(inherited)",
					"@executable_path/Frameworks",
					"@loader_path/Frameworks",
				);
				PRODUCT_BUNDLE_IDENTIFIER = CarazyDev.CricketPlayersViperDemoUITests;
				PRODUCT_NAME = "$(TARGET_NAME)";
				SWIFT_VERSION = 5.0;
				TARGETED_DEVICE_FAMILY = "1,2";
				TEST_TARGET_NAME = CricketPlayersViperDemo;
			};
			name = Debug;
		};
		C6C182A123E9417C004C75B7 /* Release */ = {
			isa = XCBuildConfiguration;
			buildSettings = {
				ALWAYS_EMBED_SWIFT_STANDARD_LIBRARIES = YES;
				CODE_SIGN_STYLE = Automatic;
				DEVELOPMENT_TEAM = 2L7MDNZGGA;
				INFOPLIST_FILE = CricketPlayersViperDemoUITests/Info.plist;
				LD_RUNPATH_SEARCH_PATHS = (
					"$(inherited)",
					"@executable_path/Frameworks",
					"@loader_path/Frameworks",
				);
				PRODUCT_BUNDLE_IDENTIFIER = CarazyDev.CricketPlayersViperDemoUITests;
				PRODUCT_NAME = "$(TARGET_NAME)";
				SWIFT_VERSION = 5.0;
				TARGETED_DEVICE_FAMILY = "1,2";
				TEST_TARGET_NAME = CricketPlayersViperDemo;
			};
			name = Release;
		};
/* End XCBuildConfiguration section */

/* Begin XCConfigurationList section */
		C6C1826A23E94178004C75B7 /* Build configuration list for PBXProject "CricketPlayersViperDemo" */ = {
			isa = XCConfigurationList;
			buildConfigurations = (
				C6C1829723E9417C004C75B7 /* Debug */,
				C6C1829823E9417C004C75B7 /* Release */,
			);
			defaultConfigurationIsVisible = 0;
			defaultConfigurationName = Release;
		};
		C6C1829923E9417C004C75B7 /* Build configuration list for PBXNativeTarget "CricketPlayersViperDemo" */ = {
			isa = XCConfigurationList;
			buildConfigurations = (
				C6C1829A23E9417C004C75B7 /* Debug */,
				C6C1829B23E9417C004C75B7 /* Release */,
			);
			defaultConfigurationIsVisible = 0;
			defaultConfigurationName = Release;
		};
		C6C1829C23E9417C004C75B7 /* Build configuration list for PBXNativeTarget "CricketPlayersViperDemoTests" */ = {
			isa = XCConfigurationList;
			buildConfigurations = (
				C6C1829D23E9417C004C75B7 /* Debug */,
				C6C1829E23E9417C004C75B7 /* Release */,
			);
			defaultConfigurationIsVisible = 0;
			defaultConfigurationName = Release;
		};
		C6C1829F23E9417C004C75B7 /* Build configuration list for PBXNativeTarget "CricketPlayersViperDemoUITests" */ = {
			isa = XCConfigurationList;
			buildConfigurations = (
				C6C182A023E9417C004C75B7 /* Debug */,
				C6C182A123E9417C004C75B7 /* Release */,
			);
			defaultConfigurationIsVisible = 0;
			defaultConfigurationName = Release;
		};
/* End XCConfigurationList section */
	};
	rootObject = C6C1826723E94178004C75B7 /* Project object */;
}
